
Microsoft Visual Studio Solution File, Format Version 12.00
# Visual Studio Version 17
VisualStudioVersion = 17.5.33502.453
MinimumVisualStudioVersion = 10.0.40219.1
Project("{9A19103F-16F7-4668-BE54-9A1E7A4F7556}") = "Program", "NAI2\Program.csproj", "{8B0A71A1-8408-4121-A709-6582C8358AE5}"
EndProject
Global
	GlobalSection(SolutionConfigurationPlatforms) = preSolution
		Debug|Any CPU = Debug|Any CPU
		Release|Any CPU = Release|Any CPU
	EndGlobalSection
	GlobalSection(ProjectConfigurationPlatforms) = postSolution
		{8B0A71A1-8408-4121-A709-6582C8358AE5}.Debug|Any CPU.ActiveCfg = Debug|Any CPU
		{8B0A71A1-8408-4121-A709-6582C8358AE5}.Debug|Any CPU.Build.0 = Debug|Any CPU
		{8B0A71A1-8408-4121-A709-6582C8358AE5}.Release|Any CPU.ActiveCfg = Release|Any CPU
		{8B0A71A1-8408-4121-A709-6582C8358AE5}.Release|Any CPU.Build.0 = Release|Any CPU
	EndGlobalSection
	GlobalSection(SolutionProperties) = preSolution
		HideSolutionNode = FALSE
	EndGlobalSection
	GlobalSection(ExtensibilityGlobals) = postSolution
		SolutionGuid = {F7D98A8B-E146-4EEC-9B06-32F2CFDE7B02}
	EndGlobalSection
EndGlobal
