
Microsoft Visual Studio Solution File, Format Version 12.00
# Visual Studio Version 17
VisualStudioVersion = 17.4.33213.308
MinimumVisualStudioVersion = 10.0.40219.1
Project("{FAE04EC0-301F-11D3-BF4B-00C04F79EFBC}") = "APBD5", "APBD5\APBD5.csproj", "{718D08D1-D337-41B0-B960-6CA5532ED96F}"
EndProject
Global
	GlobalSection(SolutionConfigurationPlatforms) = preSolution
		Debug|Any CPU = Debug|Any CPU
		Release|Any CPU = Release|Any CPU
	EndGlobalSection
	GlobalSection(ProjectConfigurationPlatforms) = postSolution
		{718D08D1-D337-41B0-B960-6CA5532ED96F}.Debug|Any CPU.ActiveCfg = Debug|Any CPU
		{718D08D1-D337-41B0-B960-6CA5532ED96F}.Debug|Any CPU.Build.0 = Debug|Any CPU
		{718D08D1-D337-41B0-B960-6CA5532ED96F}.Release|Any CPU.ActiveCfg = Release|Any CPU
		{718D08D1-D337-41B0-B960-6CA5532ED96F}.Release|Any CPU.Build.0 = Release|Any CPU
	EndGlobalSection
	GlobalSection(SolutionProperties) = preSolution
		HideSolutionNode = FALSE
	EndGlobalSection
	GlobalSection(ExtensibilityGlobals) = postSolution
		SolutionGuid = {1F3E866F-4F21-4AFA-9A39-39736C676B36}
	EndGlobalSection
EndGlobal
